
Microsoft Visual Studio Solution File, Format Version 12.00
# Visual Studio Version 16
VisualStudioVersion = 25.0.1704.2
MinimumVisualStudioVersion = 10.0.40219.1
Project("{FAE04EC0-301F-11D3-BF4B-00C04F79EFBC}") = "Project_travel", "Project_travel\Project_travel.csproj", "{4BFA217E-00BD-489B-84B0-B69D663EF071}"
EndProject
Global
	GlobalSection(SolutionConfigurationPlatforms) = preSolution
		Debug|Any CPU = Debug|Any CPU
		Release|Any CPU = Release|Any CPU
	EndGlobalSection
	GlobalSection(ProjectConfigurationPlatforms) = postSolution
		{4BFA217E-00BD-489B-84B0-B69D663EF071}.Debug|Any CPU.ActiveCfg = Debug|Any CPU
		{4BFA217E-00BD-489B-84B0-B69D663EF071}.Debug|Any CPU.Build.0 = Debug|Any CPU
		{4BFA217E-00BD-489B-84B0-B69D663EF071}.Release|Any CPU.ActiveCfg = Release|Any CPU
		{4BFA217E-00BD-489B-84B0-B69D663EF071}.Release|Any CPU.Build.0 = Release|Any CPU
	EndGlobalSection
	GlobalSection(SolutionProperties) = preSolution
		HideSolutionNode = FALSE
	EndGlobalSection
	GlobalSection(ExtensibilityGlobals) = postSolution
		SolutionGuid = {DDF63DCE-4298-4EE1-9514-A5ADF2EFCCB3}
	EndGlobalSection
EndGlobal
